
Microsoft Visual Studio Solution File, Format Version 12.00
# Visual Studio Version 16
VisualStudioVersion = 16.0.31112.23
MinimumVisualStudioVersion = 10.0.40219.1
Project("{9A19103F-16F7-4668-BE54-9A1E7A4F7556}") = "SmoothTrackServer", "SmoothTrackServer\SmoothTrackServer.csproj", "{37349D53-3A49-44B1-A0C6-D67B55ABCB3D}"
EndProject
Project("{9A19103F-16F7-4668-BE54-9A1E7A4F7556}") = "DemoApp", "DemoApp\DemoApp.csproj", "{EDDE9BE8-C7ED-4AA9-A101-74B577B12672}"
EndProject
Global
	GlobalSection(SolutionConfigurationPlatforms) = preSolution
		Debug|Any CPU = Debug|Any CPU
		Release|Any CPU = Release|Any CPU
	EndGlobalSection
	GlobalSection(ProjectConfigurationPlatforms) = postSolution
		{37349D53-3A49-44B1-A0C6-D67B55ABCB3D}.Debug|Any CPU.ActiveCfg = Debug|Any CPU
		{37349D53-3A49-44B1-A0C6-D67B55ABCB3D}.Debug|Any CPU.Build.0 = Debug|Any CPU
		{37349D53-3A49-44B1-A0C6-D67B55ABCB3D}.Release|Any CPU.ActiveCfg = Release|Any CPU
		{37349D53-3A49-44B1-A0C6-D67B55ABCB3D}.Release|Any CPU.Build.0 = Release|Any CPU
		{EDDE9BE8-C7ED-4AA9-A101-74B577B12672}.Debug|Any CPU.ActiveCfg = Debug|Any CPU
		{EDDE9BE8-C7ED-4AA9-A101-74B577B12672}.Debug|Any CPU.Build.0 = Debug|Any CPU
		{EDDE9BE8-C7ED-4AA9-A101-74B577B12672}.Release|Any CPU.ActiveCfg = Release|Any CPU
		{EDDE9BE8-C7ED-4AA9-A101-74B577B12672}.Release|Any CPU.Build.0 = Release|Any CPU
	EndGlobalSection
	GlobalSection(SolutionProperties) = preSolution
		HideSolutionNode = FALSE
	EndGlobalSection
	GlobalSection(ExtensibilityGlobals) = postSolution
		SolutionGuid = {50D95D27-BFE9-4EFE-8479-F75F0DDBA582}
	EndGlobalSection
EndGlobal
